// !$*UTF8*$!
{
	archiveVersion = 1;
	classes = {
	};
	objectVersion = 56;
	objects = {

/* Begin PBXBuildFile section */
		E745683E290C7F7D00FDBC70 /* AppDelegate.swift in Sources */ = {isa = PBXBuildFile; fileRef = E745683D290C7F7D00FDBC70 /* AppDelegate.swift */; };
		E7456840290C7F7D00FDBC70 /* SceneDelegate.swift in Sources */ = {isa = PBXBuildFile; fileRef = E745683F290C7F7D00FDBC70 /* SceneDelegate.swift */; };
		E7456842290C7F7D00FDBC70 /* ConversationsVC.swift in Sources */ = {isa = PBXBuildFile; fileRef = E7456841290C7F7D00FDBC70 /* ConversationsVC.swift */; };
		E7456845290C7F7D00FDBC70 /* Main.storyboard in Resources */ = {isa = PBXBuildFile; fileRef = E7456843290C7F7D00FDBC70 /* Main.storyboard */; };
		E7456847290C7F7E00FDBC70 /* Assets.xcassets in Resources */ = {isa = PBXBuildFile; fileRef = E7456846290C7F7E00FDBC70 /* Assets.xcassets */; };
		E745684A290C7F7E00FDBC70 /* LaunchScreen.storyboard in Resources */ = {isa = PBXBuildFile; fileRef = E7456848290C7F7E00FDBC70 /* LaunchScreen.storyboard */; };
		E7A5BFFB29172A4B0085E4A1 /* Mulish-Regular.ttf in Resources */ = {isa = PBXBuildFile; fileRef = E7A5BFEB29172A4B0085E4A1 /* Mulish-Regular.ttf */; };
		E7A5C00029172A4B0085E4A1 /* Mulish-Bold.ttf in Resources */ = {isa = PBXBuildFile; fileRef = E7A5BFF029172A4B0085E4A1 /* Mulish-Bold.ttf */; };
		E7A5C00129172A4B0085E4A1 /* Mulish-Light.ttf in Resources */ = {isa = PBXBuildFile; fileRef = E7A5BFF129172A4B0085E4A1 /* Mulish-Light.ttf */; };
		E7A5C00429172A4B0085E4A1 /* Mulish-Medium.ttf in Resources */ = {isa = PBXBuildFile; fileRef = E7A5BFF429172A4B0085E4A1 /* Mulish-Medium.ttf */; };
		E7A5C00629172A4B0085E4A1 /* Mulish-SemiBold.ttf in Resources */ = {isa = PBXBuildFile; fileRef = E7A5BFF629172A4B0085E4A1 /* Mulish-SemiBold.ttf */; };
		E7A5C00A2917339C0085E4A1 /* Extensions.swift in Sources */ = {isa = PBXBuildFile; fileRef = E7A5C0092917339C0085E4A1 /* Extensions.swift */; };
		E7EE90B5290C9E110073D7F8 /* LoginVC.swift in Sources */ = {isa = PBXBuildFile; fileRef = E7EE90B4290C9E110073D7F8 /* LoginVC.swift */; };
		E7EE90B7290C9E4C0073D7F8 /* RegisterVC.swift in Sources */ = {isa = PBXBuildFile; fileRef = E7EE90B6290C9E4C0073D7F8 /* RegisterVC.swift */; };
		E7EE90B9290C9EA10073D7F8 /* PhotoViewerVC.swift in Sources */ = {isa = PBXBuildFile; fileRef = E7EE90B8290C9EA10073D7F8 /* PhotoViewerVC.swift */; };
		E7EE90BB290C9EC10073D7F8 /* VideoPlayerVC.swift in Sources */ = {isa = PBXBuildFile; fileRef = E7EE90BA290C9EC10073D7F8 /* VideoPlayerVC.swift */; };
		E7EE90BD290C9EF30073D7F8 /* NewConversationVC.swift in Sources */ = {isa = PBXBuildFile; fileRef = E7EE90BC290C9EF30073D7F8 /* NewConversationVC.swift */; };
		E7EE90BF290C9F060073D7F8 /* ProfileVC.swift in Sources */ = {isa = PBXBuildFile; fileRef = E7EE90BE290C9F060073D7F8 /* ProfileVC.swift */; };
/* End PBXBuildFile section */

/* Begin PBXFileReference section */
		E745683A290C7F7D00FDBC70 /* Switch-Chat.app */ = {isa = PBXFileReference; explicitFileType = wrapper.application; includeInIndex = 0; path = "Switch-Chat.app"; sourceTree = BUILT_PRODUCTS_DIR; };
		E745683D290C7F7D00FDBC70 /* AppDelegate.swift */ = {isa = PBXFileReference; lastKnownFileType = sourcecode.swift; path = AppDelegate.swift; sourceTree = "<group>"; };
		E745683F290C7F7D00FDBC70 /* SceneDelegate.swift */ = {isa = PBXFileReference; lastKnownFileType = sourcecode.swift; path = SceneDelegate.swift; sourceTree = "<group>"; };
		E7456841290C7F7D00FDBC70 /* ConversationsVC.swift */ = {isa = PBXFileReference; lastKnownFileType = sourcecode.swift; path = ConversationsVC.swift; sourceTree = "<group>"; };
		E7456844290C7F7D00FDBC70 /* Base */ = {isa = PBXFileReference; lastKnownFileType = file.storyboard; name = Base; path = Base.lproj/Main.storyboard; sourceTree = "<group>"; };
		E7456846290C7F7E00FDBC70 /* Assets.xcassets */ = {isa = PBXFileReference; lastKnownFileType = folder.assetcatalog; path = Assets.xcassets; sourceTree = "<group>"; };
		E7456849290C7F7E00FDBC70 /* Base */ = {isa = PBXFileReference; lastKnownFileType = file.storyboard; name = Base; path = Base.lproj/LaunchScreen.storyboard; sourceTree = "<group>"; };
		E745684B290C7F7E00FDBC70 /* Info.plist */ = {isa = PBXFileReference; lastKnownFileType = text.plist.xml; path = Info.plist; sourceTree = "<group>"; };
		E7A5BFEB29172A4B0085E4A1 /* Mulish-Regular.ttf */ = {isa = PBXFileReference; lastKnownFileType = file; path = "Mulish-Regular.ttf"; sourceTree = "<group>"; };
		E7A5BFF029172A4B0085E4A1 /* Mulish-Bold.ttf */ = {isa = PBXFileReference; lastKnownFileType = file; path = "Mulish-Bold.ttf"; sourceTree = "<group>"; };
		E7A5BFF129172A4B0085E4A1 /* Mulish-Light.ttf */ = {isa = PBXFileReference; lastKnownFileType = file; path = "Mulish-Light.ttf"; sourceTree = "<group>"; };
		E7A5BFF429172A4B0085E4A1 /* Mulish-Medium.ttf */ = {isa = PBXFileReference; lastKnownFileType = file; path = "Mulish-Medium.ttf"; sourceTree = "<group>"; };
		E7A5BFF629172A4B0085E4A1 /* Mulish-SemiBold.ttf */ = {isa = PBXFileReference; lastKnownFileType = file; path = "Mulish-SemiBold.ttf"; sourceTree = "<group>"; };
		E7A5C0092917339C0085E4A1 /* Extensions.swift */ = {isa = PBXFileReference; lastKnownFileType = sourcecode.swift; path = Extensions.swift; sourceTree = "<group>"; };
		E7EE90B4290C9E110073D7F8 /* LoginVC.swift */ = {isa = PBXFileReference; lastKnownFileType = sourcecode.swift; path = LoginVC.swift; sourceTree = "<group>"; };
		E7EE90B6290C9E4C0073D7F8 /* RegisterVC.swift */ = {isa = PBXFileReference; lastKnownFileType = sourcecode.swift; path = RegisterVC.swift; sourceTree = "<group>"; };
		E7EE90B8290C9EA10073D7F8 /* PhotoViewerVC.swift */ = {isa = PBXFileReference; lastKnownFileType = sourcecode.swift; path = PhotoViewerVC.swift; sourceTree = "<group>"; };
		E7EE90BA290C9EC10073D7F8 /* VideoPlayerVC.swift */ = {isa = PBXFileReference; lastKnownFileType = sourcecode.swift; path = VideoPlayerVC.swift; sourceTree = "<group>"; };
		E7EE90BC290C9EF30073D7F8 /* NewConversationVC.swift */ = {isa = PBXFileReference; lastKnownFileType = sourcecode.swift; path = NewConversationVC.swift; sourceTree = "<group>"; };
		E7EE90BE290C9F060073D7F8 /* ProfileVC.swift */ = {isa = PBXFileReference; lastKnownFileType = sourcecode.swift; path = ProfileVC.swift; sourceTree = "<group>"; };
/* End PBXFileReference section */

/* Begin PBXFrameworksBuildPhase section */
		E7456837290C7F7D00FDBC70 /* Frameworks */ = {
			isa = PBXFrameworksBuildPhase;
			buildActionMask = 2147483647;
			files = (
			);
			runOnlyForDeploymentPostprocessing = 0;
		};
/* End PBXFrameworksBuildPhase section */

/* Begin PBXGroup section */
		E7456831290C7F7D00FDBC70 = {
			isa = PBXGroup;
			children = (
				E745683C290C7F7D00FDBC70 /* Switch-Chat */,
				E745683B290C7F7D00FDBC70 /* Products */,
			);
			sourceTree = "<group>";
		};
		E745683B290C7F7D00FDBC70 /* Products */ = {
			isa = PBXGroup;
			children = (
				E745683A290C7F7D00FDBC70 /* Switch-Chat.app */,
			);
			name = Products;
			sourceTree = "<group>";
		};
		E745683C290C7F7D00FDBC70 /* Switch-Chat */ = {
			isa = PBXGroup;
			children = (
				E7EE90B1290C8F660073D7F8 /* Resources */,
				E7EE90B2290C8F970073D7F8 /* Models */,
				E7EE90B0290C8F5D0073D7F8 /* ViewModels */,
				E7EE90AF290C8F560073D7F8 /* Views */,
				E7EE90AE290C8EF80073D7F8 /* Controllers */,
				E745684B290C7F7E00FDBC70 /* Info.plist */,
				E745683D290C7F7D00FDBC70 /* AppDelegate.swift */,
				E745683F290C7F7D00FDBC70 /* SceneDelegate.swift */,
			);
			path = "Switch-Chat";
			sourceTree = "<group>";
		};
		E7A5BFE729172A4B0085E4A1 /* Fonts */ = {
			isa = PBXGroup;
			children = (
				E7A5BFEB29172A4B0085E4A1 /* Mulish-Regular.ttf */,
				E7A5BFF029172A4B0085E4A1 /* Mulish-Bold.ttf */,
				E7A5BFF129172A4B0085E4A1 /* Mulish-Light.ttf */,
				E7A5BFF429172A4B0085E4A1 /* Mulish-Medium.ttf */,
				E7A5BFF629172A4B0085E4A1 /* Mulish-SemiBold.ttf */,
			);
			path = Fonts;
			sourceTree = "<group>";
		};
		E7EE90AE290C8EF80073D7F8 /* Controllers */ = {
			isa = PBXGroup;
			children = (
				E7456841290C7F7D00FDBC70 /* ConversationsVC.swift */,
				E7EE90C0290CA2CA0073D7F8 /* Onboarding */,
				E7EE90B8290C9EA10073D7F8 /* PhotoViewerVC.swift */,
				E7EE90BA290C9EC10073D7F8 /* VideoPlayerVC.swift */,
				E7EE90BC290C9EF30073D7F8 /* NewConversationVC.swift */,
				E7EE90BE290C9F060073D7F8 /* ProfileVC.swift */,
			);
			path = Controllers;
			sourceTree = "<group>";
		};
		E7EE90AF290C8F560073D7F8 /* Views */ = {
			isa = PBXGroup;
			children = (
				E7EE90B3290C903D0073D7F8 /* Storyboards */,
			);
			path = Views;
			sourceTree = "<group>";
		};
		E7EE90B0290C8F5D0073D7F8 /* ViewModels */ = {
			isa = PBXGroup;
			children = (
			);
			path = ViewModels;
			sourceTree = "<group>";
		};
		E7EE90B1290C8F660073D7F8 /* Resources */ = {
			isa = PBXGroup;
			children = (
				E7A5BFE729172A4B0085E4A1 /* Fonts */,
				E7456846290C7F7E00FDBC70 /* Assets.xcassets */,
				E7A5C0092917339C0085E4A1 /* Extensions.swift */,
			);
			path = Resources;
			sourceTree = "<group>";
		};
		E7EE90B2290C8F970073D7F8 /* Models */ = {
			isa = PBXGroup;
			children = (
			);
			path = Models;
			sourceTree = "<group>";
		};
		E7EE90B3290C903D0073D7F8 /* Storyboards */ = {
			isa = PBXGroup;
			children = (
				E7456843290C7F7D00FDBC70 /* Main.storyboard */,
				E7456848290C7F7E00FDBC70 /* LaunchScreen.storyboard */,
			);
			path = Storyboards;
			sourceTree = "<group>";
		};
		E7EE90C0290CA2CA0073D7F8 /* Onboarding */ = {
			isa = PBXGroup;
			children = (
				E7EE90B4290C9E110073D7F8 /* LoginVC.swift */,
				E7EE90B6290C9E4C0073D7F8 /* RegisterVC.swift */,
			);
			path = Onboarding;
			sourceTree = "<group>";
		};
/* End PBXGroup section */

/* Begin PBXNativeTarget section */
		E7456839290C7F7D00FDBC70 /* Switch-Chat */ = {
			isa = PBXNativeTarget;
			buildConfigurationList = E745684E290C7F7E00FDBC70 /* Build configuration list for PBXNativeTarget "Switch-Chat" */;
			buildPhases = (
				E7456836290C7F7D00FDBC70 /* Sources */,
				E7456837290C7F7D00FDBC70 /* Frameworks */,
				E7456838290C7F7D00FDBC70 /* Resources */,
			);
			buildRules = (
			);
			dependencies = (
			);
			name = "Switch-Chat";
			productName = "Switch-Chat";
			productReference = E745683A290C7F7D00FDBC70 /* Switch-Chat.app */;
			productType = "com.apple.product-type.application";
		};
/* End PBXNativeTarget section */

/* Begin PBXProject section */
		E7456832290C7F7D00FDBC70 /* Project object */ = {
			isa = PBXProject;
			attributes = {
				BuildIndependentTargetsInParallel = 1;
				LastSwiftUpdateCheck = 1400;
				LastUpgradeCheck = 1400;
				TargetAttributes = {
					E7456839290C7F7D00FDBC70 = {
						CreatedOnToolsVersion = 14.0.1;
					};
				};
			};
			buildConfigurationList = E7456835290C7F7D00FDBC70 /* Build configuration list for PBXProject "Switch-Chat" */;
			compatibilityVersion = "Xcode 14.0";
			developmentRegion = en;
			hasScannedForEncodings = 0;
			knownRegions = (
				en,
				Base,
			);
			mainGroup = E7456831290C7F7D00FDBC70;
			productRefGroup = E745683B290C7F7D00FDBC70 /* Products */;
			projectDirPath = "";
			projectRoot = "";
			targets = (
				E7456839290C7F7D00FDBC70 /* Switch-Chat */,
			);
		};
/* End PBXProject section */

/* Begin PBXResourcesBuildPhase section */
		E7456838290C7F7D00FDBC70 /* Resources */ = {
			isa = PBXResourcesBuildPhase;
			buildActionMask = 2147483647;
			files = (
				E7A5C00129172A4B0085E4A1 /* Mulish-Light.ttf in Resources */,
				E7A5BFFB29172A4B0085E4A1 /* Mulish-Regular.ttf in Resources */,
				E7A5C00629172A4B0085E4A1 /* Mulish-SemiBold.ttf in Resources */,
				E7A5C00029172A4B0085E4A1 /* Mulish-Bold.ttf in Resources */,
				E745684A290C7F7E00FDBC70 /* LaunchScreen.storyboard in Resources */,
				E7456847290C7F7E00FDBC70 /* Assets.xcassets in Resources */,
				E7456845290C7F7D00FDBC70 /* Main.storyboard in Resources */,
				E7A5C00429172A4B0085E4A1 /* Mulish-Medium.ttf in Resources */,
			);
			runOnlyForDeploymentPostprocessing = 0;
		};
/* End PBXResourcesBuildPhase section */

/* Begin PBXSourcesBuildPhase section */
		E7456836290C7F7D00FDBC70 /* Sources */ = {
			isa = PBXSourcesBuildPhase;
			buildActionMask = 2147483647;
			files = (
				E7EE90BD290C9EF30073D7F8 /* NewConversationVC.swift in Sources */,
				E7EE90BB290C9EC10073D7F8 /* VideoPlayerVC.swift in Sources */,
				E7456842290C7F7D00FDBC70 /* ConversationsVC.swift in Sources */,
				E7EE90BF290C9F060073D7F8 /* ProfileVC.swift in Sources */,
				E745683E290C7F7D00FDBC70 /* AppDelegate.swift in Sources */,
				E7A5C00A2917339C0085E4A1 /* Extensions.swift in Sources */,
				E7EE90B5290C9E110073D7F8 /* LoginVC.swift in Sources */,
				E7EE90B9290C9EA10073D7F8 /* PhotoViewerVC.swift in Sources */,
				E7456840290C7F7D00FDBC70 /* SceneDelegate.swift in Sources */,
				E7EE90B7290C9E4C0073D7F8 /* RegisterVC.swift in Sources */,
			);
			runOnlyForDeploymentPostprocessing = 0;
		};
/* End PBXSourcesBuildPhase section */

/* Begin PBXVariantGroup section */
		E7456843290C7F7D00FDBC70 /* Main.storyboard */ = {
			isa = PBXVariantGroup;
			children = (
				E7456844290C7F7D00FDBC70 /* Base */,
			);
			name = Main.storyboard;
			sourceTree = "<group>";
		};
		E7456848290C7F7E00FDBC70 /* LaunchScreen.storyboard */ = {
			isa = PBXVariantGroup;
			children = (
				E7456849290C7F7E00FDBC70 /* Base */,
			);
			name = LaunchScreen.storyboard;
			sourceTree = "<group>";
		};
/* End PBXVariantGroup section */

/* Begin XCBuildConfiguration section */
		E745684C290C7F7E00FDBC70 /* Debug */ = {
			isa = XCBuildConfiguration;
			buildSettings = {
				ALWAYS_SEARCH_USER_PATHS = NO;
				CLANG_ANALYZER_NONNULL = YES;
				CLANG_ANALYZER_NUMBER_OBJECT_CONVERSION = YES_AGGRESSIVE;
				CLANG_CXX_LANGUAGE_STANDARD = "gnu++20";
				CLANG_ENABLE_MODULES = YES;
				CLANG_ENABLE_OBJC_ARC = YES;
				CLANG_ENABLE_OBJC_WEAK = YES;
				CLANG_WARN_BLOCK_CAPTURE_AUTORELEASING = YES;
				CLANG_WARN_BOOL_CONVERSION = YES;
				CLANG_WARN_COMMA = YES;
				CLANG_WARN_CONSTANT_CONVERSION = YES;
				CLANG_WARN_DEPRECATED_OBJC_IMPLEMENTATIONS = YES;
				CLANG_WARN_DIRECT_OBJC_ISA_USAGE = YES_ERROR;
				CLANG_WARN_DOCUMENTATION_COMMENTS = YES;
				CLANG_WARN_EMPTY_BODY = YES;
				CLANG_WARN_ENUM_CONVERSION = YES;
				CLANG_WARN_INFINITE_RECURSION = YES;
				CLANG_WARN_INT_CONVERSION = YES;
				CLANG_WARN_NON_LITERAL_NULL_CONVERSION = YES;
				CLANG_WARN_OBJC_IMPLICIT_RETAIN_SELF = YES;
				CLANG_WARN_OBJC_LITERAL_CONVERSION = YES;
				CLANG_WARN_OBJC_ROOT_CLASS = YES_ERROR;
				CLANG_WARN_QUOTED_INCLUDE_IN_FRAMEWORK_HEADER = YES;
				CLANG_WARN_RANGE_LOOP_ANALYSIS = YES;
				CLANG_WARN_STRICT_PROTOTYPES = YES;
				CLANG_WARN_SUSPICIOUS_MOVE = YES;
				CLANG_WARN_UNGUARDED_AVAILABILITY = YES_AGGRESSIVE;
				CLANG_WARN_UNREACHABLE_CODE = YES;
				CLANG_WARN__DUPLICATE_METHOD_MATCH = YES;
				COPY_PHASE_STRIP = NO;
				DEBUG_INFORMATION_FORMAT = dwarf;
				ENABLE_STRICT_OBJC_MSGSEND = YES;
				ENABLE_TESTABILITY = YES;
				GCC_C_LANGUAGE_STANDARD = gnu11;
				GCC_DYNAMIC_NO_PIC = NO;
				GCC_NO_COMMON_BLOCKS = YES;
				GCC_OPTIMIZATION_LEVEL = 0;
				GCC_PREPROCESSOR_DEFINITIONS = (
					"DEBUG=1",
					"$(inherited)",
				);
				GCC_WARN_64_TO_32_BIT_CONVERSION = YES;
				GCC_WARN_ABOUT_RETURN_TYPE = YES_ERROR;
				GCC_WARN_UNDECLARED_SELECTOR = YES;
				GCC_WARN_UNINITIALIZED_AUTOS = YES_AGGRESSIVE;
				GCC_WARN_UNUSED_FUNCTION = YES;
				GCC_WARN_UNUSED_VARIABLE = YES;
				IPHONEOS_DEPLOYMENT_TARGET = 16.0;
				MTL_ENABLE_DEBUG_INFO = INCLUDE_SOURCE;
				MTL_FAST_MATH = YES;
				ONLY_ACTIVE_ARCH = YES;
				SDKROOT = iphoneos;
				SWIFT_ACTIVE_COMPILATION_CONDITIONS = DEBUG;
				SWIFT_OPTIMIZATION_LEVEL = "-Onone";
			};
			name = Debug;
		};
		E745684D290C7F7E00FDBC70 /* Release */ = {
			isa = XCBuildConfiguration;
			buildSettings = {
				ALWAYS_SEARCH_USER_PATHS = NO;
				CLANG_ANALYZER_NONNULL = YES;
				CLANG_ANALYZER_NUMBER_OBJECT_CONVERSION = YES_AGGRESSIVE;
				CLANG_CXX_LANGUAGE_STANDARD = "gnu++20";
				CLANG_ENABLE_MODULES = YES;
				CLANG_ENABLE_OBJC_ARC = YES;
				CLANG_ENABLE_OBJC_WEAK = YES;
				CLANG_WARN_BLOCK_CAPTURE_AUTORELEASING = YES;
				CLANG_WARN_BOOL_CONVERSION = YES;
				CLANG_WARN_COMMA = YES;
				CLANG_WARN_CONSTANT_CONVERSION = YES;
				CLANG_WARN_DEPRECATED_OBJC_IMPLEMENTATIONS = YES;
				CLANG_WARN_DIRECT_OBJC_ISA_USAGE = YES_ERROR;
				CLANG_WARN_DOCUMENTATION_COMMENTS = YES;
				CLANG_WARN_EMPTY_BODY = YES;
				CLANG_WARN_ENUM_CONVERSION = YES;
				CLANG_WARN_INFINITE_RECURSION = YES;
				CLANG_WARN_INT_CONVERSION = YES;
				CLANG_WARN_NON_LITERAL_NULL_CONVERSION = YES;
				CLANG_WARN_OBJC_IMPLICIT_RETAIN_SELF = YES;
				CLANG_WARN_OBJC_LITERAL_CONVERSION = YES;
				CLANG_WARN_OBJC_ROOT_CLASS = YES_ERROR;
				CLANG_WARN_QUOTED_INCLUDE_IN_FRAMEWORK_HEADER = YES;
				CLANG_WARN_RANGE_LOOP_ANALYSIS = YES;
				CLANG_WARN_STRICT_PROTOTYPES = YES;
				CLANG_WARN_SUSPICIOUS_MOVE = YES;
				CLANG_WARN_UNGUARDED_AVAILABILITY = YES_AGGRESSIVE;
				CLANG_WARN_UNREACHABLE_CODE = YES;
				CLANG_WARN__DUPLICATE_METHOD_MATCH = YES;
				COPY_PHASE_STRIP = NO;
				DEBUG_INFORMATION_FORMAT = "dwarf-with-dsym";
				ENABLE_NS_ASSERTIONS = NO;
				ENABLE_STRICT_OBJC_MSGSEND = YES;
				GCC_C_LANGUAGE_STANDARD = gnu11;
				GCC_NO_COMMON_BLOCKS = YES;
				GCC_WARN_64_TO_32_BIT_CONVERSION = YES;
				GCC_WARN_ABOUT_RETURN_TYPE = YES_ERROR;
				GCC_WARN_UNDECLARED_SELECTOR = YES;
				GCC_WARN_UNINITIALIZED_AUTOS = YES_AGGRESSIVE;
				GCC_WARN_UNUSED_FUNCTION = YES;
				GCC_WARN_UNUSED_VARIABLE = YES;
				IPHONEOS_DEPLOYMENT_TARGET = 16.0;
				MTL_ENABLE_DEBUG_INFO = NO;
				MTL_FAST_MATH = YES;
				SDKROOT = iphoneos;
				SWIFT_COMPILATION_MODE = wholemodule;
				SWIFT_OPTIMIZATION_LEVEL = "-O";
				VALIDATE_PRODUCT = YES;
			};
			name = Release;
		};
		E745684F290C7F7E00FDBC70 /* Debug */ = {
			isa = XCBuildConfiguration;
			buildSettings = {
				ASSETCATALOG_COMPILER_APPICON_NAME = AppIcon;
				ASSETCATALOG_COMPILER_GLOBAL_ACCENT_COLOR_NAME = AccentColor;
				CODE_SIGN_STYLE = Automatic;
				CURRENT_PROJECT_VERSION = 1;
				DEVELOPMENT_TEAM = T453A8JHR5;
				GENERATE_INFOPLIST_FILE = YES;
				INFOPLIST_FILE = "Switch-Chat/Info.plist";
				INFOPLIST_KEY_UIApplicationSupportsIndirectInputEvents = YES;
				INFOPLIST_KEY_UILaunchStoryboardName = LaunchScreen;
				INFOPLIST_KEY_UIMainStoryboardFile = Main;
				INFOPLIST_KEY_UISupportedInterfaceOrientations = UIInterfaceOrientationPortrait;
				INFOPLIST_KEY_UISupportedInterfaceOrientations_iPad = "UIInterfaceOrientationLandscapeLeft UIInterfaceOrientationLandscapeRight UIInterfaceOrientationPortrait UIInterfaceOrientationPortraitUpsideDown";
				IPHONEOS_DEPLOYMENT_TARGET = 13.6;
				LD_RUNPATH_SEARCH_PATHS = (
					"$(inherited)",
					"@executable_path/Frameworks",
				);
				MARKETING_VERSION = 1.0;
				PRODUCT_BUNDLE_IDENTIFIER = "omar.leal.Switch-Chat";
				PRODUCT_NAME = "$(TARGET_NAME)";
				SUPPORTED_PLATFORMS = "iphoneos iphonesimulator";
				SUPPORTS_MACCATALYST = NO;
				SUPPORTS_MAC_DESIGNED_FOR_IPHONE_IPAD = NO;
				SWIFT_EMIT_LOC_STRINGS = YES;
				SWIFT_VERSION = 5.0;
				TARGETED_DEVICE_FAMILY = 1;
			};
			name = Debug;
		};
		E7456850290C7F7E00FDBC70 /* Release */ = {
			isa = XCBuildConfiguration;
			buildSettings = {
				ASSETCATALOG_COMPILER_APPICON_NAME = AppIcon;
				ASSETCATALOG_COMPILER_GLOBAL_ACCENT_COLOR_NAME = AccentColor;
				CODE_SIGN_STYLE = Automatic;
				CURRENT_PROJECT_VERSION = 1;
				DEVELOPMENT_TEAM = T453A8JHR5;
				GENERATE_INFOPLIST_FILE = YES;
				INFOPLIST_FILE = "Switch-Chat/Info.plist";
				INFOPLIST_KEY_UIApplicationSupportsIndirectInputEvents = YES;
				INFOPLIST_KEY_UILaunchStoryboardName = LaunchScreen;
				INFOPLIST_KEY_UIMainStoryboardFile = Main;
				INFOPLIST_KEY_UISupportedInterfaceOrientations = UIInterfaceOrientationPortrait;
				INFOPLIST_KEY_UISupportedInterfaceOrientations_iPad = "UIInterfaceOrientationLandscapeLeft UIInterfaceOrientationLandscapeRight UIInterfaceOrientationPortrait UIInterfaceOrientationPortraitUpsideDown";
				IPHONEOS_DEPLOYMENT_TARGET = 13.6;
				LD_RUNPATH_SEARCH_PATHS = (
					"$(inherited)",
					"@executable_path/Frameworks",
				);
				MARKETING_VERSION = 1.0;
				PRODUCT_BUNDLE_IDENTIFIER = "omar.leal.Switch-Chat";
				PRODUCT_NAME = "$(TARGET_NAME)";
				SUPPORTED_PLATFORMS = "iphoneos iphonesimulator";
				SUPPORTS_MACCATALYST = NO;
				SUPPORTS_MAC_DESIGNED_FOR_IPHONE_IPAD = NO;
				SWIFT_EMIT_LOC_STRINGS = YES;
				SWIFT_VERSION = 5.0;
				TARGETED_DEVICE_FAMILY = 1;
			};
			name = Release;
		};
/* End XCBuildConfiguration section */

/* Begin XCConfigurationList section */
		E7456835290C7F7D00FDBC70 /* Build configuration list for PBXProject "Switch-Chat" */ = {
			isa = XCConfigurationList;
			buildConfigurations = (
				E745684C290C7F7E00FDBC70 /* Debug */,
				E745684D290C7F7E00FDBC70 /* Release */,
			);
			defaultConfigurationIsVisible = 0;
			defaultConfigurationName = Release;
		};
		E745684E290C7F7E00FDBC70 /* Build configuration list for PBXNativeTarget "Switch-Chat" */ = {
			isa = XCConfigurationList;
			buildConfigurations = (
				E745684F290C7F7E00FDBC70 /* Debug */,
				E7456850290C7F7E00FDBC70 /* Release */,
			);
			defaultConfigurationIsVisible = 0;
			defaultConfigurationName = Release;
		};
/* End XCConfigurationList section */
	};
	rootObject = E7456832290C7F7D00FDBC70 /* Project object */;
}
